
Microsoft Visual Studio Solution File, Format Version 12.00
# Visual Studio Version 16
VisualStudioVersion = 16.0.30621.155
MinimumVisualStudioVersion = 10.0.40219.1
Project("{FAE04EC0-301F-11D3-BF4B-00C04F79EFBC}") = "18120320-18120479", "18120320-18120479\18120320-18120479.csproj", "{CCE6916E-4359-4A33-9B36-F5857DFD8FEA}"
EndProject
Global
	GlobalSection(SolutionConfigurationPlatforms) = preSolution
		Debug|Any CPU = Debug|Any CPU
		Release|Any CPU = Release|Any CPU
	EndGlobalSection
	GlobalSection(ProjectConfigurationPlatforms) = postSolution
		{CCE6916E-4359-4A33-9B36-F5857DFD8FEA}.Debug|Any CPU.ActiveCfg = Debug|Any CPU
		{CCE6916E-4359-4A33-9B36-F5857DFD8FEA}.Debug|Any CPU.Build.0 = Debug|Any CPU
		{CCE6916E-4359-4A33-9B36-F5857DFD8FEA}.Release|Any CPU.ActiveCfg = Release|Any CPU
		{CCE6916E-4359-4A33-9B36-F5857DFD8FEA}.Release|Any CPU.Build.0 = Release|Any CPU
	EndGlobalSection
	GlobalSection(SolutionProperties) = preSolution
		HideSolutionNode = FALSE
	EndGlobalSection
	GlobalSection(ExtensibilityGlobals) = postSolution
		SolutionGuid = {5DAE583E-F42B-41CD-8AB2-239C9D3DA52C}
	EndGlobalSection
EndGlobal
